
Microsoft Visual Studio Solution File, Format Version 12.00
# Visual Studio 2012
Project("{FAE04EC0-301F-11D3-BF4B-00C04F79EFBC}") = "firstclojure", "firstclojure\firstclojure.csproj", "{6C4B5AC3-2D67-4A12-8918-6B05E49CE56F}"
EndProject
Project("{2150E333-8FDC-42A3-9474-1A3956D46DE8}") = "Solution Items", "Solution Items", "{807908B6-2E8D-4B83-8861-A23ADA36F5BF}"
EndProject
Global
	GlobalSection(SolutionConfigurationPlatforms) = preSolution
		Debug|x86 = Debug|x86
		Release|x86 = Release|x86
	EndGlobalSection
	GlobalSection(ProjectConfigurationPlatforms) = postSolution
		{6C4B5AC3-2D67-4A12-8918-6B05E49CE56F}.Debug|x86.ActiveCfg = Debug|x86
		{6C4B5AC3-2D67-4A12-8918-6B05E49CE56F}.Debug|x86.Build.0 = Debug|x86
		{6C4B5AC3-2D67-4A12-8918-6B05E49CE56F}.Release|x86.ActiveCfg = Release|x86
		{6C4B5AC3-2D67-4A12-8918-6B05E49CE56F}.Release|x86.Build.0 = Release|x86
	EndGlobalSection
	GlobalSection(NestedProjects) = preSolution
	EndGlobalSection
EndGlobal
